
Microsoft Visual Studio Solution File, Format Version 12.00
# Visual Studio Version 16
VisualStudioVersion = 16.0.31321.278
MinimumVisualStudioVersion = 10.0.40219.1
Project("{FAE04EC0-301F-11D3-BF4B-00C04F79EFBC}") = "SampleMSTestProject", "SampleMSTestProject.csproj", "{303B1C67-25D0-4CE6-863B-DD73F7C19E3F}"
EndProject
Global
	GlobalSection(SolutionConfigurationPlatforms) = preSolution
		Debug|Any CPU = Debug|Any CPU
		Release|Any CPU = Release|Any CPU
	EndGlobalSection
	GlobalSection(ProjectConfigurationPlatforms) = postSolution
		{303B1C67-25D0-4CE6-863B-DD73F7C19E3F}.Debug|Any CPU.ActiveCfg = Debug|Any CPU
		{303B1C67-25D0-4CE6-863B-DD73F7C19E3F}.Debug|Any CPU.Build.0 = Debug|Any CPU
		{303B1C67-25D0-4CE6-863B-DD73F7C19E3F}.Release|Any CPU.ActiveCfg = Release|Any CPU
		{303B1C67-25D0-4CE6-863B-DD73F7C19E3F}.Release|Any CPU.Build.0 = Release|Any CPU
	EndGlobalSection
	GlobalSection(SolutionProperties) = preSolution
		HideSolutionNode = FALSE
	EndGlobalSection
	GlobalSection(ExtensibilityGlobals) = postSolution
		SolutionGuid = {D7679D43-CF5F-4078-970D-D6B5C8C753AA}
	EndGlobalSection
EndGlobal
